
Microsoft Visual Studio Solution File, Format Version 12.00
# Visual Studio Version 17
VisualStudioVersion = 17.9.34723.18
MinimumVisualStudioVersion = 10.0.40219.1
Project("{FAE04EC0-301F-11D3-BF4B-00C04F79EFBC}") = "Saul.Test.Transversal.Common", "Saul.Test.Transversal.Common\Saul.Test.Transversal.Common.csproj", "{6617CA34-8377-4352-80FB-F75CEC1CDB5A}"
EndProject
Project("{2150E333-8FDC-42A3-9474-1A3956D46DE8}") = "Application", "Application", "{9F2D129B-014F-43E0-AFFA-56CE8CA45EE6}"
EndProject
Project("{2150E333-8FDC-42A3-9474-1A3956D46DE8}") = "Domain", "Domain", "{7E62A2EC-075D-44D1-9E0F-2D0C9E59FE69}"
EndProject
Project("{2150E333-8FDC-42A3-9474-1A3956D46DE8}") = "Infrastructure", "Infrastructure", "{663D4B5B-B3DA-454F-A61F-D1D66F03A5F6}"
EndProject
Project("{2150E333-8FDC-42A3-9474-1A3956D46DE8}") = "Services", "Services", "{7D9D04CF-D393-419C-9600-DFC304DDBF3E}"
EndProject
Project("{2150E333-8FDC-42A3-9474-1A3956D46DE8}") = "Transversal", "Transversal", "{53BAD660-36C3-408C-9A26-E35E79D92174}"
EndProject
Project("{FAE04EC0-301F-11D3-BF4B-00C04F79EFBC}") = "Saul.Test.Transversal.Logging", "Saul.Test.Transversal.Logging\Saul.Test.Transversal.Logging.csproj", "{DC512DE6-BB57-468D-8667-EC050328B119}"
EndProject
Project("{FAE04EC0-301F-11D3-BF4B-00C04F79EFBC}") = "Saul.Test.Transversal.Mapper", "Saul.Test.Transversal.Mapper\Saul.Test.Transversal.Mapper.csproj", "{02C73345-4376-4CFE-86C2-2A15C8840B48}"
EndProject
Project("{FAE04EC0-301F-11D3-BF4B-00C04F79EFBC}") = "Saul.Test.Application.DTO", "Saul.Test.Application.DTO\Saul.Test.Application.DTO.csproj", "{134631BE-D127-4429-B98D-D190D270BD37}"
EndProject
Project("{FAE04EC0-301F-11D3-BF4B-00C04F79EFBC}") = "Saul.Test.Application.Interface", "Saul.Test.Application.Interface\Saul.Test.Application.Interface.csproj", "{05EF49F9-DF8D-4B48-B1FD-4B3311C95E7C}"
EndProject
Project("{FAE04EC0-301F-11D3-BF4B-00C04F79EFBC}") = "Saul.Test.Application.Main", "Saul.Test.Application.Main\Saul.Test.Application.Main.csproj", "{EDC59F07-F6BF-48EA-9CC7-B1207A62E010}"
EndProject
Project("{FAE04EC0-301F-11D3-BF4B-00C04F79EFBC}") = "Saul.Test.Domain.Core", "Saul.Test.Domain.Core\Saul.Test.Domain.Core.csproj", "{CF3043FD-72FC-4AE4-89B4-687D0E545AD1}"
EndProject
Project("{FAE04EC0-301F-11D3-BF4B-00C04F79EFBC}") = "Saul.Test.Domain.Entity", "Saul.Test.Domain.Entity\Saul.Test.Domain.Entity.csproj", "{69F3B367-6248-4345-9AA7-17E153F67CF5}"
EndProject
Project("{FAE04EC0-301F-11D3-BF4B-00C04F79EFBC}") = "Saul.Test.Domain.Interface", "Saul.Test.Domain.Interface\Saul.Test.Domain.Interface.csproj", "{B1490902-C12C-47E0-8433-73EF55CF7624}"
EndProject
Project("{FAE04EC0-301F-11D3-BF4B-00C04F79EFBC}") = "Saul.Test.Infrastructure.Data", "Saul.Test.Infrastructure.Data\Saul.Test.Infrastructure.Data.csproj", "{AE427EC7-EA11-4B47-ADD0-FC72720D9A26}"
EndProject
Project("{FAE04EC0-301F-11D3-BF4B-00C04F79EFBC}") = "Saul.Test.Infrastructure.Interface", "Saul.Test.Infrastructure.Interface\Saul.Test.Infrastructure.Interface.csproj", "{34ABF9C8-3B30-4C1E-8BB4-1A9C8EAC4C00}"
EndProject
Project("{FAE04EC0-301F-11D3-BF4B-00C04F79EFBC}") = "Saul.Test.Infrastructure.Repository", "Saul.Test.Infrastructure.Repository\Saul.Test.Infrastructure.Repository.csproj", "{C4504023-D196-41C3-8962-931A650899F6}"
EndProject
Project("{FAE04EC0-301F-11D3-BF4B-00C04F79EFBC}") = "Saul.Test.Services.WebAPI", "Saul.Test.Services.WebAPI\Saul.Test.Services.WebAPI.csproj", "{9AE07CA7-B1AC-4409-93ED-725033079E42}"
EndProject
Global
	GlobalSection(SolutionConfigurationPlatforms) = preSolution
		Debug|Any CPU = Debug|Any CPU
		Release|Any CPU = Release|Any CPU
	EndGlobalSection
	GlobalSection(ProjectConfigurationPlatforms) = postSolution
		{6617CA34-8377-4352-80FB-F75CEC1CDB5A}.Debug|Any CPU.ActiveCfg = Debug|Any CPU
		{6617CA34-8377-4352-80FB-F75CEC1CDB5A}.Debug|Any CPU.Build.0 = Debug|Any CPU
		{6617CA34-8377-4352-80FB-F75CEC1CDB5A}.Release|Any CPU.ActiveCfg = Release|Any CPU
		{6617CA34-8377-4352-80FB-F75CEC1CDB5A}.Release|Any CPU.Build.0 = Release|Any CPU
		{DC512DE6-BB57-468D-8667-EC050328B119}.Debug|Any CPU.ActiveCfg = Debug|Any CPU
		{DC512DE6-BB57-468D-8667-EC050328B119}.Debug|Any CPU.Build.0 = Debug|Any CPU
		{DC512DE6-BB57-468D-8667-EC050328B119}.Release|Any CPU.ActiveCfg = Release|Any CPU
		{DC512DE6-BB57-468D-8667-EC050328B119}.Release|Any CPU.Build.0 = Release|Any CPU
		{02C73345-4376-4CFE-86C2-2A15C8840B48}.Debug|Any CPU.ActiveCfg = Debug|Any CPU
		{02C73345-4376-4CFE-86C2-2A15C8840B48}.Debug|Any CPU.Build.0 = Debug|Any CPU
		{02C73345-4376-4CFE-86C2-2A15C8840B48}.Release|Any CPU.ActiveCfg = Release|Any CPU
		{02C73345-4376-4CFE-86C2-2A15C8840B48}.Release|Any CPU.Build.0 = Release|Any CPU
		{134631BE-D127-4429-B98D-D190D270BD37}.Debug|Any CPU.ActiveCfg = Debug|Any CPU
		{134631BE-D127-4429-B98D-D190D270BD37}.Debug|Any CPU.Build.0 = Debug|Any CPU
		{134631BE-D127-4429-B98D-D190D270BD37}.Release|Any CPU.ActiveCfg = Release|Any CPU
		{134631BE-D127-4429-B98D-D190D270BD37}.Release|Any CPU.Build.0 = Release|Any CPU
		{05EF49F9-DF8D-4B48-B1FD-4B3311C95E7C}.Debug|Any CPU.ActiveCfg = Debug|Any CPU
		{05EF49F9-DF8D-4B48-B1FD-4B3311C95E7C}.Debug|Any CPU.Build.0 = Debug|Any CPU
		{05EF49F9-DF8D-4B48-B1FD-4B3311C95E7C}.Release|Any CPU.ActiveCfg = Release|Any CPU
		{05EF49F9-DF8D-4B48-B1FD-4B3311C95E7C}.Release|Any CPU.Build.0 = Release|Any CPU
		{EDC59F07-F6BF-48EA-9CC7-B1207A62E010}.Debug|Any CPU.ActiveCfg = Debug|Any CPU
		{EDC59F07-F6BF-48EA-9CC7-B1207A62E010}.Debug|Any CPU.Build.0 = Debug|Any CPU
		{EDC59F07-F6BF-48EA-9CC7-B1207A62E010}.Release|Any CPU.ActiveCfg = Release|Any CPU
		{EDC59F07-F6BF-48EA-9CC7-B1207A62E010}.Release|Any CPU.Build.0 = Release|Any CPU
		{CF3043FD-72FC-4AE4-89B4-687D0E545AD1}.Debug|Any CPU.ActiveCfg = Debug|Any CPU
		{CF3043FD-72FC-4AE4-89B4-687D0E545AD1}.Debug|Any CPU.Build.0 = Debug|Any CPU
		{CF3043FD-72FC-4AE4-89B4-687D0E545AD1}.Release|Any CPU.ActiveCfg = Release|Any CPU
		{CF3043FD-72FC-4AE4-89B4-687D0E545AD1}.Release|Any CPU.Build.0 = Release|Any CPU
		{69F3B367-6248-4345-9AA7-17E153F67CF5}.Debug|Any CPU.ActiveCfg = Debug|Any CPU
		{69F3B367-6248-4345-9AA7-17E153F67CF5}.Debug|Any CPU.Build.0 = Debug|Any CPU
		{69F3B367-6248-4345-9AA7-17E153F67CF5}.Release|Any CPU.ActiveCfg = Release|Any CPU
		{69F3B367-6248-4345-9AA7-17E153F67CF5}.Release|Any CPU.Build.0 = Release|Any CPU
		{B1490902-C12C-47E0-8433-73EF55CF7624}.Debug|Any CPU.ActiveCfg = Debug|Any CPU
		{B1490902-C12C-47E0-8433-73EF55CF7624}.Debug|Any CPU.Build.0 = Debug|Any CPU
		{B1490902-C12C-47E0-8433-73EF55CF7624}.Release|Any CPU.ActiveCfg = Release|Any CPU
		{B1490902-C12C-47E0-8433-73EF55CF7624}.Release|Any CPU.Build.0 = Release|Any CPU
		{AE427EC7-EA11-4B47-ADD0-FC72720D9A26}.Debug|Any CPU.ActiveCfg = Debug|Any CPU
		{AE427EC7-EA11-4B47-ADD0-FC72720D9A26}.Debug|Any CPU.Build.0 = Debug|Any CPU
		{AE427EC7-EA11-4B47-ADD0-FC72720D9A26}.Release|Any CPU.ActiveCfg = Release|Any CPU
		{AE427EC7-EA11-4B47-ADD0-FC72720D9A26}.Release|Any CPU.Build.0 = Release|Any CPU
		{34ABF9C8-3B30-4C1E-8BB4-1A9C8EAC4C00}.Debug|Any CPU.ActiveCfg = Debug|Any CPU
		{34ABF9C8-3B30-4C1E-8BB4-1A9C8EAC4C00}.Debug|Any CPU.Build.0 = Debug|Any CPU
		{34ABF9C8-3B30-4C1E-8BB4-1A9C8EAC4C00}.Release|Any CPU.ActiveCfg = Release|Any CPU
		{34ABF9C8-3B30-4C1E-8BB4-1A9C8EAC4C00}.Release|Any CPU.Build.0 = Release|Any CPU
		{C4504023-D196-41C3-8962-931A650899F6}.Debug|Any CPU.ActiveCfg = Debug|Any CPU
		{C4504023-D196-41C3-8962-931A650899F6}.Debug|Any CPU.Build.0 = Debug|Any CPU
		{C4504023-D196-41C3-8962-931A650899F6}.Release|Any CPU.ActiveCfg = Release|Any CPU
		{C4504023-D196-41C3-8962-931A650899F6}.Release|Any CPU.Build.0 = Release|Any CPU
		{9AE07CA7-B1AC-4409-93ED-725033079E42}.Debug|Any CPU.ActiveCfg = Debug|Any CPU
		{9AE07CA7-B1AC-4409-93ED-725033079E42}.Debug|Any CPU.Build.0 = Debug|Any CPU
		{9AE07CA7-B1AC-4409-93ED-725033079E42}.Release|Any CPU.ActiveCfg = Release|Any CPU
		{9AE07CA7-B1AC-4409-93ED-725033079E42}.Release|Any CPU.Build.0 = Release|Any CPU
	EndGlobalSection
	GlobalSection(SolutionProperties) = preSolution
		HideSolutionNode = FALSE
	EndGlobalSection
	GlobalSection(NestedProjects) = preSolution
		{6617CA34-8377-4352-80FB-F75CEC1CDB5A} = {53BAD660-36C3-408C-9A26-E35E79D92174}
		{DC512DE6-BB57-468D-8667-EC050328B119} = {53BAD660-36C3-408C-9A26-E35E79D92174}
		{02C73345-4376-4CFE-86C2-2A15C8840B48} = {53BAD660-36C3-408C-9A26-E35E79D92174}
		{134631BE-D127-4429-B98D-D190D270BD37} = {9F2D129B-014F-43E0-AFFA-56CE8CA45EE6}
		{05EF49F9-DF8D-4B48-B1FD-4B3311C95E7C} = {9F2D129B-014F-43E0-AFFA-56CE8CA45EE6}
		{EDC59F07-F6BF-48EA-9CC7-B1207A62E010} = {9F2D129B-014F-43E0-AFFA-56CE8CA45EE6}
		{CF3043FD-72FC-4AE4-89B4-687D0E545AD1} = {7E62A2EC-075D-44D1-9E0F-2D0C9E59FE69}
		{69F3B367-6248-4345-9AA7-17E153F67CF5} = {7E62A2EC-075D-44D1-9E0F-2D0C9E59FE69}
		{B1490902-C12C-47E0-8433-73EF55CF7624} = {7E62A2EC-075D-44D1-9E0F-2D0C9E59FE69}
		{AE427EC7-EA11-4B47-ADD0-FC72720D9A26} = {663D4B5B-B3DA-454F-A61F-D1D66F03A5F6}
		{34ABF9C8-3B30-4C1E-8BB4-1A9C8EAC4C00} = {663D4B5B-B3DA-454F-A61F-D1D66F03A5F6}
		{C4504023-D196-41C3-8962-931A650899F6} = {663D4B5B-B3DA-454F-A61F-D1D66F03A5F6}
		{9AE07CA7-B1AC-4409-93ED-725033079E42} = {7D9D04CF-D393-419C-9600-DFC304DDBF3E}
	EndGlobalSection
	GlobalSection(ExtensibilityGlobals) = postSolution
		SolutionGuid = {4A109AFA-972B-4BE4-A1E5-DF6402FFAC3D}
	EndGlobalSection
EndGlobal
